{
  "name": "redux-try",
  "version": "1.0.0",
  "lockfileVersion": 1,
  "requires": true,
  "dependencies": {
    "@babel/runtime": {
      "version": "7.14.0",
      "resolved": "https://artifactory.imgdev.bioclinica.com:443/artifactory/api/npm/npm-repo/@babel/runtime/-/runtime-7.14.0.tgz",
      "integrity": "sha1-RnlLwgthLF915i3QceJN/ZXxy+Y=",
      "requires": {
        "regenerator-runtime": "^0.13.4"
      }
    },
    "redux": {
      "version": "4.1.0",
      "resolved": "https://artifactory.imgdev.bioclinica.com:443/artifactory/api/npm/npm-repo/redux/-/redux-4.1.0.tgz",
      "integrity": "sha1-6wSWefL1I8N58a/zRchhLylMiNQ=",
      "requires": {
        "@babel/runtime": "^7.9.2"
      }
    },
    "regenerator-runtime": {
      "version": "0.13.7",
      "resolved": "https://artifactory.imgdev.bioclinica.com:443/artifactory/api/npm/npm-repo/regenerator-runtime/-/regenerator-runtime-0.13.7.tgz",
      "integrity": "sha1-ysLazIoepnX+qrrriugziYrkb1U="
    }
  }
}
